
Microsoft Visual Studio Solution File, Format Version 12.00
# Visual Studio Version 16
VisualStudioVersion = 16.0.30204.135
MinimumVisualStudioVersion = 10.0.40219.1
Project("{FAE04EC0-301F-11D3-BF4B-00C04F79EFBC}") = "Task1", "Task1\Task1.csproj", "{051875A8-3306-465E-B5C6-62359081BBED}"
EndProject
Global
	GlobalSection(SolutionConfigurationPlatforms) = preSolution
		Debug|Any CPU = Debug|Any CPU
		Release|Any CPU = Release|Any CPU
	EndGlobalSection
	GlobalSection(ProjectConfigurationPlatforms) = postSolution
		{051875A8-3306-465E-B5C6-62359081BBED}.Debug|Any CPU.ActiveCfg = Debug|Any CPU
		{051875A8-3306-465E-B5C6-62359081BBED}.Debug|Any CPU.Build.0 = Debug|Any CPU
		{051875A8-3306-465E-B5C6-62359081BBED}.Release|Any CPU.ActiveCfg = Release|Any CPU
		{051875A8-3306-465E-B5C6-62359081BBED}.Release|Any CPU.Build.0 = Release|Any CPU
	EndGlobalSection
	GlobalSection(SolutionProperties) = preSolution
		HideSolutionNode = FALSE
	EndGlobalSection
	GlobalSection(ExtensibilityGlobals) = postSolution
		SolutionGuid = {8F146520-AC12-4B26-8DCA-33241DA125CF}
	EndGlobalSection
EndGlobal
